// !$*UTF8*$!
{
	archiveVersion = 1;
	classes = {
	};
	objectVersion = 50;
	objects = {

/* Begin PBXBuildFile section */
		4406A6C7BD8B2317F913F85E /* Pods_PYViewPaging.framework in Frameworks */ = {isa = PBXBuildFile; fileRef = CA219FE2F0B3FDB7047F63E8 /* Pods_PYViewPaging.framework */; };
		C41FC96922534DAA00CBE5AF /* PYViewPage.swift in Sources */ = {isa = PBXBuildFile; fileRef = C41FC95D22534DAA00CBE5AF /* PYViewPage.swift */; };
		C41FC96A22534DAA00CBE5AF /* video2.m4v in Resources */ = {isa = PBXBuildFile; fileRef = C41FC95F22534DAA00CBE5AF /* video2.m4v */; };
		C41FC96B22534DAA00CBE5AF /* video1.m4v in Resources */ = {isa = PBXBuildFile; fileRef = C41FC96022534DAA00CBE5AF /* video1.m4v */; };
		C41FC96C22534DAA00CBE5AF /* video4.mp4 in Resources */ = {isa = PBXBuildFile; fileRef = C41FC96122534DAA00CBE5AF /* video4.mp4 */; };
		C41FC96D22534DAA00CBE5AF /* video3.mp4 in Resources */ = {isa = PBXBuildFile; fileRef = C41FC96222534DAA00CBE5AF /* video3.mp4 */; };
		C41FC96E22534DAA00CBE5AF /* img3.jpg in Resources */ = {isa = PBXBuildFile; fileRef = C41FC96322534DAA00CBE5AF /* img3.jpg */; };
		C41FC96F22534DAA00CBE5AF /* img2.jpg in Resources */ = {isa = PBXBuildFile; fileRef = C41FC96422534DAA00CBE5AF /* img2.jpg */; };
		C41FC97022534DAA00CBE5AF /* img1.jpg in Resources */ = {isa = PBXBuildFile; fileRef = C41FC96522534DAA00CBE5AF /* img1.jpg */; };
		C41FC97122534DAA00CBE5AF /* PYViewPageModel.swift in Sources */ = {isa = PBXBuildFile; fileRef = C41FC96622534DAA00CBE5AF /* PYViewPageModel.swift */; };
		C41FC97222534DAA00CBE5AF /* PYViewPageControl.swift in Sources */ = {isa = PBXBuildFile; fileRef = C41FC96722534DAA00CBE5AF /* PYViewPageControl.swift */; };
		C41FC97322534DAA00CBE5AF /* PYViewPageCell.swift in Sources */ = {isa = PBXBuildFile; fileRef = C41FC96822534DAA00CBE5AF /* PYViewPageCell.swift */; };
		C4809292224F130C00A53190 /* AppDelegate.swift in Sources */ = {isa = PBXBuildFile; fileRef = C4809291224F130C00A53190 /* AppDelegate.swift */; };
		C4809294224F130C00A53190 /* ViewController.swift in Sources */ = {isa = PBXBuildFile; fileRef = C4809293224F130C00A53190 /* ViewController.swift */; };
		C4809297224F130C00A53190 /* Main.storyboard in Resources */ = {isa = PBXBuildFile; fileRef = C4809295224F130C00A53190 /* Main.storyboard */; };
		C4809299224F130E00A53190 /* Assets.xcassets in Resources */ = {isa = PBXBuildFile; fileRef = C4809298224F130E00A53190 /* Assets.xcassets */; };
		C480929C224F130E00A53190 /* LaunchScreen.storyboard in Resources */ = {isa = PBXBuildFile; fileRef = C480929A224F130E00A53190 /* LaunchScreen.storyboard */; };
/* End PBXBuildFile section */

/* Begin PBXFileReference section */
		0E1367163273AFD262586932 /* Pods-PYViewPaging.debug.xcconfig */ = {isa = PBXFileReference; includeInIndex = 1; lastKnownFileType = text.xcconfig; name = "Pods-PYViewPaging.debug.xcconfig"; path = "Pods/Target Support Files/Pods-PYViewPaging/Pods-PYViewPaging.debug.xcconfig"; sourceTree = "<group>"; };
		2E40C68352CC2FDAA3043375 /* Pods-PYViewPaging.release.xcconfig */ = {isa = PBXFileReference; includeInIndex = 1; lastKnownFileType = text.xcconfig; name = "Pods-PYViewPaging.release.xcconfig"; path = "Pods/Target Support Files/Pods-PYViewPaging/Pods-PYViewPaging.release.xcconfig"; sourceTree = "<group>"; };
		C41FC95D22534DAA00CBE5AF /* PYViewPage.swift */ = {isa = PBXFileReference; fileEncoding = 4; lastKnownFileType = sourcecode.swift; path = PYViewPage.swift; sourceTree = "<group>"; };
		C41FC95F22534DAA00CBE5AF /* video2.m4v */ = {isa = PBXFileReference; lastKnownFileType = file; path = video2.m4v; sourceTree = "<group>"; };
		C41FC96022534DAA00CBE5AF /* video1.m4v */ = {isa = PBXFileReference; lastKnownFileType = file; path = video1.m4v; sourceTree = "<group>"; };
		C41FC96122534DAA00CBE5AF /* video4.mp4 */ = {isa = PBXFileReference; lastKnownFileType = file; path = video4.mp4; sourceTree = "<group>"; };
		C41FC96222534DAA00CBE5AF /* video3.mp4 */ = {isa = PBXFileReference; lastKnownFileType = file; path = video3.mp4; sourceTree = "<group>"; };
		C41FC96322534DAA00CBE5AF /* img3.jpg */ = {isa = PBXFileReference; lastKnownFileType = image.jpeg; path = img3.jpg; sourceTree = "<group>"; };
		C41FC96422534DAA00CBE5AF /* img2.jpg */ = {isa = PBXFileReference; lastKnownFileType = image.jpeg; path = img2.jpg; sourceTree = "<group>"; };
		C41FC96522534DAA00CBE5AF /* img1.jpg */ = {isa = PBXFileReference; lastKnownFileType = image.jpeg; path = img1.jpg; sourceTree = "<group>"; };
		C41FC96622534DAA00CBE5AF /* PYViewPageModel.swift */ = {isa = PBXFileReference; fileEncoding = 4; lastKnownFileType = sourcecode.swift; path = PYViewPageModel.swift; sourceTree = "<group>"; };
		C41FC96722534DAA00CBE5AF /* PYViewPageControl.swift */ = {isa = PBXFileReference; fileEncoding = 4; lastKnownFileType = sourcecode.swift; path = PYViewPageControl.swift; sourceTree = "<group>"; };
		C41FC96822534DAA00CBE5AF /* PYViewPageCell.swift */ = {isa = PBXFileReference; fileEncoding = 4; lastKnownFileType = sourcecode.swift; path = PYViewPageCell.swift; sourceTree = "<group>"; };
		C480928E224F130C00A53190 /* PYViewPaging.app */ = {isa = PBXFileReference; explicitFileType = wrapper.application; includeInIndex = 0; path = PYViewPaging.app; sourceTree = BUILT_PRODUCTS_DIR; };
		C4809291224F130C00A53190 /* AppDelegate.swift */ = {isa = PBXFileReference; lastKnownFileType = sourcecode.swift; path = AppDelegate.swift; sourceTree = "<group>"; };
		C4809293224F130C00A53190 /* ViewController.swift */ = {isa = PBXFileReference; lastKnownFileType = sourcecode.swift; path = ViewController.swift; sourceTree = "<group>"; };
		C4809296224F130C00A53190 /* Base */ = {isa = PBXFileReference; lastKnownFileType = file.storyboard; name = Base; path = Base.lproj/Main.storyboard; sourceTree = "<group>"; };
		C4809298224F130E00A53190 /* Assets.xcassets */ = {isa = PBXFileReference; lastKnownFileType = folder.assetcatalog; path = Assets.xcassets; sourceTree = "<group>"; };
		C480929B224F130E00A53190 /* Base */ = {isa = PBXFileReference; lastKnownFileType = file.storyboard; name = Base; path = Base.lproj/LaunchScreen.storyboard; sourceTree = "<group>"; };
		C480929D224F130E00A53190 /* Info.plist */ = {isa = PBXFileReference; lastKnownFileType = text.plist.xml; path = Info.plist; sourceTree = "<group>"; };
		CA219FE2F0B3FDB7047F63E8 /* Pods_PYViewPaging.framework */ = {isa = PBXFileReference; explicitFileType = wrapper.framework; includeInIndex = 0; path = Pods_PYViewPaging.framework; sourceTree = BUILT_PRODUCTS_DIR; };
/* End PBXFileReference section */

/* Begin PBXFrameworksBuildPhase section */
		C480928B224F130C00A53190 /* Frameworks */ = {
			isa = PBXFrameworksBuildPhase;
			buildActionMask = 2147483647;
			files = (
				4406A6C7BD8B2317F913F85E /* Pods_PYViewPaging.framework in Frameworks */,
			);
			runOnlyForDeploymentPostprocessing = 0;
		};
/* End PBXFrameworksBuildPhase section */

/* Begin PBXGroup section */
		6CC01782A9342B6707D01375 /* Pods */ = {
			isa = PBXGroup;
			children = (
				0E1367163273AFD262586932 /* Pods-PYViewPaging.debug.xcconfig */,
				2E40C68352CC2FDAA3043375 /* Pods-PYViewPaging.release.xcconfig */,
			);
			name = Pods;
			sourceTree = "<group>";
		};
		A864D21EACF95F3AC0CE0F73 /* Frameworks */ = {
			isa = PBXGroup;
			children = (
				CA219FE2F0B3FDB7047F63E8 /* Pods_PYViewPaging.framework */,
			);
			name = Frameworks;
			sourceTree = "<group>";
		};
		C41FC95E22534DAA00CBE5AF /* Resources */ = {
			isa = PBXGroup;
			children = (
				C41FC95F22534DAA00CBE5AF /* video2.m4v */,
				C41FC96022534DAA00CBE5AF /* video1.m4v */,
				C41FC96122534DAA00CBE5AF /* video4.mp4 */,
				C41FC96222534DAA00CBE5AF /* video3.mp4 */,
				C41FC96322534DAA00CBE5AF /* img3.jpg */,
				C41FC96422534DAA00CBE5AF /* img2.jpg */,
				C41FC96522534DAA00CBE5AF /* img1.jpg */,
			);
			path = Resources;
			sourceTree = "<group>";
		};
		C4809285224F130C00A53190 = {
			isa = PBXGroup;
			children = (
				C4809290224F130C00A53190 /* PYViewPaging */,
				C480928F224F130C00A53190 /* Products */,
				6CC01782A9342B6707D01375 /* Pods */,
				A864D21EACF95F3AC0CE0F73 /* Frameworks */,
			);
			sourceTree = "<group>";
		};
		C480928F224F130C00A53190 /* Products */ = {
			isa = PBXGroup;
			children = (
				C480928E224F130C00A53190 /* PYViewPaging.app */,
			);
			name = Products;
			sourceTree = "<group>";
		};
		C4809290224F130C00A53190 /* PYViewPaging */ = {
			isa = PBXGroup;
			children = (
				C41FC95D22534DAA00CBE5AF /* PYViewPage.swift */,
				C41FC96822534DAA00CBE5AF /* PYViewPageCell.swift */,
				C41FC96722534DAA00CBE5AF /* PYViewPageControl.swift */,
				C41FC96622534DAA00CBE5AF /* PYViewPageModel.swift */,
				C41FC95E22534DAA00CBE5AF /* Resources */,
				C4809291224F130C00A53190 /* AppDelegate.swift */,
				C4809293224F130C00A53190 /* ViewController.swift */,
				C4809295224F130C00A53190 /* Main.storyboard */,
				C4809298224F130E00A53190 /* Assets.xcassets */,
				C480929A224F130E00A53190 /* LaunchScreen.storyboard */,
				C480929D224F130E00A53190 /* Info.plist */,
			);
			path = PYViewPaging;
			sourceTree = "<group>";
		};
/* End PBXGroup section */

/* Begin PBXNativeTarget section */
		C480928D224F130C00A53190 /* PYViewPaging */ = {
			isa = PBXNativeTarget;
			buildConfigurationList = C48092A0224F130E00A53190 /* Build configuration list for PBXNativeTarget "PYViewPaging" */;
			buildPhases = (
				80E49A925AD4FE0A6D4DE851 /* [CP] Check Pods Manifest.lock */,
				C480928A224F130C00A53190 /* Sources */,
				C480928B224F130C00A53190 /* Frameworks */,
				C480928C224F130C00A53190 /* Resources */,
				A0F30437F19D9A9DDB542BA5 /* [CP] Embed Pods Frameworks */,
			);
			buildRules = (
			);
			dependencies = (
			);
			name = PYViewPaging;
			productName = PYViewPaging;
			productReference = C480928E224F130C00A53190 /* PYViewPaging.app */;
			productType = "com.apple.product-type.application";
		};
/* End PBXNativeTarget section */

/* Begin PBXProject section */
		C4809286224F130C00A53190 /* Project object */ = {
			isa = PBXProject;
			attributes = {
				LastSwiftUpdateCheck = 1010;
				LastUpgradeCheck = 1010;
				ORGANIZATIONNAME = "Bob Lee";
				TargetAttributes = {
					C480928D224F130C00A53190 = {
						CreatedOnToolsVersion = 10.1;
					};
				};
			};
			buildConfigurationList = C4809289224F130C00A53190 /* Build configuration list for PBXProject "PYViewPaging" */;
			compatibilityVersion = "Xcode 9.3";
			developmentRegion = en;
			hasScannedForEncodings = 0;
			knownRegions = (
				en,
				Base,
			);
			mainGroup = C4809285224F130C00A53190;
			productRefGroup = C480928F224F130C00A53190 /* Products */;
			projectDirPath = "";
			projectRoot = "";
			targets = (
				C480928D224F130C00A53190 /* PYViewPaging */,
			);
		};
/* End PBXProject section */

/* Begin PBXResourcesBuildPhase section */
		C480928C224F130C00A53190 /* Resources */ = {
			isa = PBXResourcesBuildPhase;
			buildActionMask = 2147483647;
			files = (
				C41FC96C22534DAA00CBE5AF /* video4.mp4 in Resources */,
				C41FC97022534DAA00CBE5AF /* img1.jpg in Resources */,
				C41FC96A22534DAA00CBE5AF /* video2.m4v in Resources */,
				C480929C224F130E00A53190 /* LaunchScreen.storyboard in Resources */,
				C4809299224F130E00A53190 /* Assets.xcassets in Resources */,
				C41FC96F22534DAA00CBE5AF /* img2.jpg in Resources */,
				C41FC96B22534DAA00CBE5AF /* video1.m4v in Resources */,
				C4809297224F130C00A53190 /* Main.storyboard in Resources */,
				C41FC96D22534DAA00CBE5AF /* video3.mp4 in Resources */,
				C41FC96E22534DAA00CBE5AF /* img3.jpg in Resources */,
			);
			runOnlyForDeploymentPostprocessing = 0;
		};
/* End PBXResourcesBuildPhase section */

/* Begin PBXShellScriptBuildPhase section */
		80E49A925AD4FE0A6D4DE851 /* [CP] Check Pods Manifest.lock */ = {
			isa = PBXShellScriptBuildPhase;
			buildActionMask = 2147483647;
			files = (
			);
			inputFileListPaths = (
			);
			inputPaths = (
				"${PODS_PODFILE_DIR_PATH}/Podfile.lock",
				"${PODS_ROOT}/Manifest.lock",
			);
			name = "[CP] Check Pods Manifest.lock";
			outputFileListPaths = (
			);
			outputPaths = (
				"$(DERIVED_FILE_DIR)/Pods-PYViewPaging-checkManifestLockResult.txt",
			);
			runOnlyForDeploymentPostprocessing = 0;
			shellPath = /bin/sh;
			shellScript = "diff \"${PODS_PODFILE_DIR_PATH}/Podfile.lock\" \"${PODS_ROOT}/Manifest.lock\" > /dev/null\nif [ $? != 0 ] ; then\n    # print error to STDERR\n    echo \"error: The sandbox is not in sync with the Podfile.lock. Run 'pod install' or update your CocoaPods installation.\" >&2\n    exit 1\nfi\n# This output is used by Xcode 'outputs' to avoid re-running this script phase.\necho \"SUCCESS\" > \"${SCRIPT_OUTPUT_FILE_0}\"\n";
			showEnvVarsInLog = 0;
		};
		A0F30437F19D9A9DDB542BA5 /* [CP] Embed Pods Frameworks */ = {
			isa = PBXShellScriptBuildPhase;
			buildActionMask = 2147483647;
			files = (
			);
			inputFileListPaths = (
			);
			inputPaths = (
				"${SRCROOT}/Pods/Target Support Files/Pods-PYViewPaging/Pods-PYViewPaging-frameworks.sh",
				"${BUILT_PRODUCTS_DIR}/SnapKit/SnapKit.framework",
			);
			name = "[CP] Embed Pods Frameworks";
			outputFileListPaths = (
			);
			outputPaths = (
				"${TARGET_BUILD_DIR}/${FRAMEWORKS_FOLDER_PATH}/SnapKit.framework",
			);
			runOnlyForDeploymentPostprocessing = 0;
			shellPath = /bin/sh;
			shellScript = "\"${SRCROOT}/Pods/Target Support Files/Pods-PYViewPaging/Pods-PYViewPaging-frameworks.sh\"\n";
			showEnvVarsInLog = 0;
		};
/* End PBXShellScriptBuildPhase section */

/* Begin PBXSourcesBuildPhase section */
		C480928A224F130C00A53190 /* Sources */ = {
			isa = PBXSourcesBuildPhase;
			buildActionMask = 2147483647;
			files = (
				C41FC97222534DAA00CBE5AF /* PYViewPageControl.swift in Sources */,
				C41FC96922534DAA00CBE5AF /* PYViewPage.swift in Sources */,
				C41FC97322534DAA00CBE5AF /* PYViewPageCell.swift in Sources */,
				C4809294224F130C00A53190 /* ViewController.swift in Sources */,
				C41FC97122534DAA00CBE5AF /* PYViewPageModel.swift in Sources */,
				C4809292224F130C00A53190 /* AppDelegate.swift in Sources */,
			);
			runOnlyForDeploymentPostprocessing = 0;
		};
/* End PBXSourcesBuildPhase section */

/* Begin PBXVariantGroup section */
		C4809295224F130C00A53190 /* Main.storyboard */ = {
			isa = PBXVariantGroup;
			children = (
				C4809296224F130C00A53190 /* Base */,
			);
			name = Main.storyboard;
			sourceTree = "<group>";
		};
		C480929A224F130E00A53190 /* LaunchScreen.storyboard */ = {
			isa = PBXVariantGroup;
			children = (
				C480929B224F130E00A53190 /* Base */,
			);
			name = LaunchScreen.storyboard;
			sourceTree = "<group>";
		};
/* End PBXVariantGroup section */

/* Begin XCBuildConfiguration section */
		C480929E224F130E00A53190 /* Debug */ = {
			isa = XCBuildConfiguration;
			buildSettings = {
				ALWAYS_SEARCH_USER_PATHS = NO;
				CLANG_ANALYZER_NONNULL = YES;
				CLANG_ANALYZER_NUMBER_OBJECT_CONVERSION = YES_AGGRESSIVE;
				CLANG_CXX_LANGUAGE_STANDARD = "gnu++14";
				CLANG_CXX_LIBRARY = "libc++";
				CLANG_ENABLE_MODULES = YES;
				CLANG_ENABLE_OBJC_ARC = YES;
				CLANG_ENABLE_OBJC_WEAK = YES;
				CLANG_WARN_BLOCK_CAPTURE_AUTORELEASING = YES;
				CLANG_WARN_BOOL_CONVERSION = YES;
				CLANG_WARN_COMMA = YES;
				CLANG_WARN_CONSTANT_CONVERSION = YES;
				CLANG_WARN_DEPRECATED_OBJC_IMPLEMENTATIONS = YES;
				CLANG_WARN_DIRECT_OBJC_ISA_USAGE = YES_ERROR;
				CLANG_WARN_DOCUMENTATION_COMMENTS = YES;
				CLANG_WARN_EMPTY_BODY = YES;
				CLANG_WARN_ENUM_CONVERSION = YES;
				CLANG_WARN_INFINITE_RECURSION = YES;
				CLANG_WARN_INT_CONVERSION = YES;
				CLANG_WARN_NON_LITERAL_NULL_CONVERSION = YES;
				CLANG_WARN_OBJC_IMPLICIT_RETAIN_SELF = YES;
				CLANG_WARN_OBJC_LITERAL_CONVERSION = YES;
				CLANG_WARN_OBJC_ROOT_CLASS = YES_ERROR;
				CLANG_WARN_RANGE_LOOP_ANALYSIS = YES;
				CLANG_WARN_STRICT_PROTOTYPES = YES;
				CLANG_WARN_SUSPICIOUS_MOVE = YES;
				CLANG_WARN_UNGUARDED_AVAILABILITY = YES_AGGRESSIVE;
				CLANG_WARN_UNREACHABLE_CODE = YES;
				CLANG_WARN__DUPLICATE_METHOD_MATCH = YES;
				CODE_SIGN_IDENTITY = "iPhone Developer";
				COPY_PHASE_STRIP = NO;
				DEBUG_INFORMATION_FORMAT = dwarf;
				ENABLE_STRICT_OBJC_MSGSEND = YES;
				ENABLE_TESTABILITY = YES;
				GCC_C_LANGUAGE_STANDARD = gnu11;
				GCC_DYNAMIC_NO_PIC = NO;
				GCC_NO_COMMON_BLOCKS = YES;
				GCC_OPTIMIZATION_LEVEL = 0;
				GCC_PREPROCESSOR_DEFINITIONS = (
					"DEBUG=1",
					"$(inherited)",
				);
				GCC_WARN_64_TO_32_BIT_CONVERSION = YES;
				GCC_WARN_ABOUT_RETURN_TYPE = YES_ERROR;
				GCC_WARN_UNDECLARED_SELECTOR = YES;
				GCC_WARN_UNINITIALIZED_AUTOS = YES_AGGRESSIVE;
				GCC_WARN_UNUSED_FUNCTION = YES;
				GCC_WARN_UNUSED_VARIABLE = YES;
				IPHONEOS_DEPLOYMENT_TARGET = 12.1;
				MTL_ENABLE_DEBUG_INFO = INCLUDE_SOURCE;
				MTL_FAST_MATH = YES;
				ONLY_ACTIVE_ARCH = YES;
				SDKROOT = iphoneos;
				SWIFT_ACTIVE_COMPILATION_CONDITIONS = DEBUG;
				SWIFT_OPTIMIZATION_LEVEL = "-Onone";
				SWIFT_VERSION = 4.0;
			};
			name = Debug;
		};
		C480929F224F130E00A53190 /* Release */ = {
			isa = XCBuildConfiguration;
			buildSettings = {
				ALWAYS_SEARCH_USER_PATHS = NO;
				CLANG_ANALYZER_NONNULL = YES;
				CLANG_ANALYZER_NUMBER_OBJECT_CONVERSION = YES_AGGRESSIVE;
				CLANG_CXX_LANGUAGE_STANDARD = "gnu++14";
				CLANG_CXX_LIBRARY = "libc++";
				CLANG_ENABLE_MODULES = YES;
				CLANG_ENABLE_OBJC_ARC = YES;
				CLANG_ENABLE_OBJC_WEAK = YES;
				CLANG_WARN_BLOCK_CAPTURE_AUTORELEASING = YES;
				CLANG_WARN_BOOL_CONVERSION = YES;
				CLANG_WARN_COMMA = YES;
				CLANG_WARN_CONSTANT_CONVERSION = YES;
				CLANG_WARN_DEPRECATED_OBJC_IMPLEMENTATIONS = YES;
				CLANG_WARN_DIRECT_OBJC_ISA_USAGE = YES_ERROR;
				CLANG_WARN_DOCUMENTATION_COMMENTS = YES;
				CLANG_WARN_EMPTY_BODY = YES;
				CLANG_WARN_ENUM_CONVERSION = YES;
				CLANG_WARN_INFINITE_RECURSION = YES;
				CLANG_WARN_INT_CONVERSION = YES;
				CLANG_WARN_NON_LITERAL_NULL_CONVERSION = YES;
				CLANG_WARN_OBJC_IMPLICIT_RETAIN_SELF = YES;
				CLANG_WARN_OBJC_LITERAL_CONVERSION = YES;
				CLANG_WARN_OBJC_ROOT_CLASS = YES_ERROR;
				CLANG_WARN_RANGE_LOOP_ANALYSIS = YES;
				CLANG_WARN_STRICT_PROTOTYPES = YES;
				CLANG_WARN_SUSPICIOUS_MOVE = YES;
				CLANG_WARN_UNGUARDED_AVAILABILITY = YES_AGGRESSIVE;
				CLANG_WARN_UNREACHABLE_CODE = YES;
				CLANG_WARN__DUPLICATE_METHOD_MATCH = YES;
				CODE_SIGN_IDENTITY = "iPhone Developer";
				COPY_PHASE_STRIP = NO;
				DEBUG_INFORMATION_FORMAT = "dwarf-with-dsym";
				ENABLE_NS_ASSERTIONS = NO;
				ENABLE_STRICT_OBJC_MSGSEND = YES;
				GCC_C_LANGUAGE_STANDARD = gnu11;
				GCC_NO_COMMON_BLOCKS = YES;
				GCC_WARN_64_TO_32_BIT_CONVERSION = YES;
				GCC_WARN_ABOUT_RETURN_TYPE = YES_ERROR;
				GCC_WARN_UNDECLARED_SELECTOR = YES;
				GCC_WARN_UNINITIALIZED_AUTOS = YES_AGGRESSIVE;
				GCC_WARN_UNUSED_FUNCTION = YES;
				GCC_WARN_UNUSED_VARIABLE = YES;
				IPHONEOS_DEPLOYMENT_TARGET = 12.1;
				MTL_ENABLE_DEBUG_INFO = NO;
				MTL_FAST_MATH = YES;
				SDKROOT = iphoneos;
				SWIFT_COMPILATION_MODE = wholemodule;
				SWIFT_OPTIMIZATION_LEVEL = "-O";
				SWIFT_VERSION = 4.0;
				VALIDATE_PRODUCT = YES;
			};
			name = Release;
		};
		C48092A1224F130E00A53190 /* Debug */ = {
			isa = XCBuildConfiguration;
			baseConfigurationReference = 0E1367163273AFD262586932 /* Pods-PYViewPaging.debug.xcconfig */;
			buildSettings = {
				ASSETCATALOG_COMPILER_APPICON_NAME = AppIcon;
				CODE_SIGN_STYLE = Automatic;
				DEVELOPMENT_TEAM = YFZ6GPTEHY;
				INFOPLIST_FILE = PYViewPaging/Info.plist;
				IPHONEOS_DEPLOYMENT_TARGET = 9.0;
				LD_RUNPATH_SEARCH_PATHS = (
					"$(inherited)",
					"@executable_path/Frameworks",
				);
				PRODUCT_BUNDLE_IDENTIFIER = com.Ponyo.PYViewPaging;
				PRODUCT_NAME = "$(TARGET_NAME)";
				SWIFT_VERSION = 4.2;
				TARGETED_DEVICE_FAMILY = "1,2";
			};
			name = Debug;
		};
		C48092A2224F130E00A53190 /* Release */ = {
			isa = XCBuildConfiguration;
			baseConfigurationReference = 2E40C68352CC2FDAA3043375 /* Pods-PYViewPaging.release.xcconfig */;
			buildSettings = {
				ASSETCATALOG_COMPILER_APPICON_NAME = AppIcon;
				CODE_SIGN_STYLE = Automatic;
				DEVELOPMENT_TEAM = YFZ6GPTEHY;
				INFOPLIST_FILE = PYViewPaging/Info.plist;
				IPHONEOS_DEPLOYMENT_TARGET = 9.0;
				LD_RUNPATH_SEARCH_PATHS = (
					"$(inherited)",
					"@executable_path/Frameworks",
				);
				PRODUCT_BUNDLE_IDENTIFIER = com.Ponyo.PYViewPaging;
				PRODUCT_NAME = "$(TARGET_NAME)";
				SWIFT_VERSION = 4.2;
				TARGETED_DEVICE_FAMILY = "1,2";
			};
			name = Release;
		};
/* End XCBuildConfiguration section */

/* Begin XCConfigurationList section */
		C4809289224F130C00A53190 /* Build configuration list for PBXProject "PYViewPaging" */ = {
			isa = XCConfigurationList;
			buildConfigurations = (
				C480929E224F130E00A53190 /* Debug */,
				C480929F224F130E00A53190 /* Release */,
			);
			defaultConfigurationIsVisible = 0;
			defaultConfigurationName = Release;
		};
		C48092A0224F130E00A53190 /* Build configuration list for PBXNativeTarget "PYViewPaging" */ = {
			isa = XCConfigurationList;
			buildConfigurations = (
				C48092A1224F130E00A53190 /* Debug */,
				C48092A2224F130E00A53190 /* Release */,
			);
			defaultConfigurationIsVisible = 0;
			defaultConfigurationName = Release;
		};
/* End XCConfigurationList section */
	};
	rootObject = C4809286224F130C00A53190 /* Project object */;
}
